
Microsoft Visual Studio Solution File, Format Version 9.00
# Visual Studio 2005
Project("{F184B08F-C81C-45F6-A57F-5ABD9991F28F}") = "GIS", "GIS.vbproj", "{2ADB1C4A-B667-4CDC-9F49-5A0D733638C2}"
EndProject
Project("{54435603-DBB4-11D2-8724-00A0C9A8B90C}") = "GisSetup", "..\GisSetup\GisSetup.vdproj", "{FE583D45-02DA-4C4F-996C-DEC7E90C15EE}"
EndProject
Global
	GlobalSection(SolutionConfigurationPlatforms) = preSolution
		Debug|Any CPU = Debug|Any CPU
		Release|Any CPU = Release|Any CPU
	EndGlobalSection
	GlobalSection(ProjectConfigurationPlatforms) = postSolution
		{2ADB1C4A-B667-4CDC-9F49-5A0D733638C2}.Debug|Any CPU.ActiveCfg = Debug|Any CPU
		{2ADB1C4A-B667-4CDC-9F49-5A0D733638C2}.Debug|Any CPU.Build.0 = Debug|Any CPU
		{2ADB1C4A-B667-4CDC-9F49-5A0D733638C2}.Release|Any CPU.ActiveCfg = Release|Any CPU
		{2ADB1C4A-B667-4CDC-9F49-5A0D733638C2}.Release|Any CPU.Build.0 = Release|Any CPU
		{FE583D45-02DA-4C4F-996C-DEC7E90C15EE}.Debug|Any CPU.ActiveCfg = Debug
		{FE583D45-02DA-4C4F-996C-DEC7E90C15EE}.Debug|Any CPU.Build.0 = Debug
		{FE583D45-02DA-4C4F-996C-DEC7E90C15EE}.Release|Any CPU.ActiveCfg = Release
		{FE583D45-02DA-4C4F-996C-DEC7E90C15EE}.Release|Any CPU.Build.0 = Release
	EndGlobalSection
	GlobalSection(SolutionProperties) = preSolution
		HideSolutionNode = FALSE
	EndGlobalSection
EndGlobal
